// !$*UTF8*$!
{
	archiveVersion = 1;
	classes = {
	};
	objectVersion = 50;
	objects = {

/* Begin PBXBuildFile section */
		22449B5820E425AF007BB8E4 /* AppDelegate.m in Sources */ = {isa = PBXBuildFile; fileRef = 22449B5720E425AF007BB8E4 /* AppDelegate.m */; };
		22449B5B20E425AF007BB8E4 /* ViewController.m in Sources */ = {isa = PBXBuildFile; fileRef = 22449B5A20E425AF007BB8E4 /* ViewController.m */; };
		22449B5E20E425AF007BB8E4 /* Main.storyboard in Resources */ = {isa = PBXBuildFile; fileRef = 22449B5C20E425AF007BB8E4 /* Main.storyboard */; };
		22449B6120E425AF007BB8E4 /* Tumblr_Remake.xcdatamodeld in Sources */ = {isa = PBXBuildFile; fileRef = 22449B5F20E425AF007BB8E4 /* Tumblr_Remake.xcdatamodeld */; };
		22449B6320E425B0007BB8E4 /* Assets.xcassets in Resources */ = {isa = PBXBuildFile; fileRef = 22449B6220E425B0007BB8E4 /* Assets.xcassets */; };
		22449B6620E425B0007BB8E4 /* LaunchScreen.storyboard in Resources */ = {isa = PBXBuildFile; fileRef = 22449B6420E425B0007BB8E4 /* LaunchScreen.storyboard */; };
		22449B6920E425B0007BB8E4 /* main.m in Sources */ = {isa = PBXBuildFile; fileRef = 22449B6820E425B0007BB8E4 /* main.m */; };
/* End PBXBuildFile section */

/* Begin PBXFileReference section */
		22449B5320E425AF007BB8E4 /* Tumblr_Remake.app */ = {isa = PBXFileReference; explicitFileType = wrapper.application; includeInIndex = 0; path = Tumblr_Remake.app; sourceTree = BUILT_PRODUCTS_DIR; };
		22449B5620E425AF007BB8E4 /* AppDelegate.h */ = {isa = PBXFileReference; lastKnownFileType = sourcecode.c.h; path = AppDelegate.h; sourceTree = "<group>"; };
		22449B5720E425AF007BB8E4 /* AppDelegate.m */ = {isa = PBXFileReference; lastKnownFileType = sourcecode.c.objc; path = AppDelegate.m; sourceTree = "<group>"; };
		22449B5920E425AF007BB8E4 /* ViewController.h */ = {isa = PBXFileReference; lastKnownFileType = sourcecode.c.h; path = ViewController.h; sourceTree = "<group>"; };
		22449B5A20E425AF007BB8E4 /* ViewController.m */ = {isa = PBXFileReference; lastKnownFileType = sourcecode.c.objc; path = ViewController.m; sourceTree = "<group>"; };
		22449B5D20E425AF007BB8E4 /* Base */ = {isa = PBXFileReference; lastKnownFileType = file.storyboard; name = Base; path = Base.lproj/Main.storyboard; sourceTree = "<group>"; };
		22449B6020E425AF007BB8E4 /* Tumblr_Remake.xcdatamodel */ = {isa = PBXFileReference; lastKnownFileType = wrapper.xcdatamodel; path = Tumblr_Remake.xcdatamodel; sourceTree = "<group>"; };
		22449B6220E425B0007BB8E4 /* Assets.xcassets */ = {isa = PBXFileReference; lastKnownFileType = folder.assetcatalog; path = Assets.xcassets; sourceTree = "<group>"; };
		22449B6520E425B0007BB8E4 /* Base */ = {isa = PBXFileReference; lastKnownFileType = file.storyboard; name = Base; path = Base.lproj/LaunchScreen.storyboard; sourceTree = "<group>"; };
		22449B6720E425B0007BB8E4 /* Info.plist */ = {isa = PBXFileReference; lastKnownFileType = text.plist.xml; path = Info.plist; sourceTree = "<group>"; };
		22449B6820E425B0007BB8E4 /* main.m */ = {isa = PBXFileReference; lastKnownFileType = sourcecode.c.objc; path = main.m; sourceTree = "<group>"; };
/* End PBXFileReference section */

/* Begin PBXFrameworksBuildPhase section */
		22449B5020E425AF007BB8E4 /* Frameworks */ = {
			isa = PBXFrameworksBuildPhase;
			buildActionMask = 2147483647;
			files = (
			);
			runOnlyForDeploymentPostprocessing = 0;
		};
/* End PBXFrameworksBuildPhase section */

/* Begin PBXGroup section */
		22449B4A20E425AF007BB8E4 = {
			isa = PBXGroup;
			children = (
				22449B5520E425AF007BB8E4 /* Tumblr_Remake */,
				22449B5420E425AF007BB8E4 /* Products */,
			);
			sourceTree = "<group>";
		};
		22449B5420E425AF007BB8E4 /* Products */ = {
			isa = PBXGroup;
			children = (
				22449B5320E425AF007BB8E4 /* Tumblr_Remake.app */,
			);
			name = Products;
			sourceTree = "<group>";
		};
		22449B5520E425AF007BB8E4 /* Tumblr_Remake */ = {
			isa = PBXGroup;
			children = (
				22449B5620E425AF007BB8E4 /* AppDelegate.h */,
				22449B5720E425AF007BB8E4 /* AppDelegate.m */,
				22449B5920E425AF007BB8E4 /* ViewController.h */,
				22449B5A20E425AF007BB8E4 /* ViewController.m */,
				22449B5C20E425AF007BB8E4 /* Main.storyboard */,
				22449B6220E425B0007BB8E4 /* Assets.xcassets */,
				22449B6420E425B0007BB8E4 /* LaunchScreen.storyboard */,
				22449B6720E425B0007BB8E4 /* Info.plist */,
				22449B6820E425B0007BB8E4 /* main.m */,
				22449B5F20E425AF007BB8E4 /* Tumblr_Remake.xcdatamodeld */,
			);
			path = Tumblr_Remake;
			sourceTree = "<group>";
		};
/* End PBXGroup section */

/* Begin PBXNativeTarget section */
		22449B5220E425AF007BB8E4 /* Tumblr_Remake */ = {
			isa = PBXNativeTarget;
			buildConfigurationList = 22449B6C20E425B0007BB8E4 /* Build configuration list for PBXNativeTarget "Tumblr_Remake" */;
			buildPhases = (
				22449B4F20E425AF007BB8E4 /* Sources */,
				22449B5020E425AF007BB8E4 /* Frameworks */,
				22449B5120E425AF007BB8E4 /* Resources */,
			);
			buildRules = (
			);
			dependencies = (
			);
			name = Tumblr_Remake;
			productName = Tumblr_Remake;
			productReference = 22449B5320E425AF007BB8E4 /* Tumblr_Remake.app */;
			productType = "com.apple.product-type.application";
		};
/* End PBXNativeTarget section */

/* Begin PBXProject section */
		22449B4B20E425AF007BB8E4 /* Project object */ = {
			isa = PBXProject;
			attributes = {
				LastUpgradeCheck = 0940;
				ORGANIZATIONNAME = "Omar Rasheed";
				TargetAttributes = {
					22449B5220E425AF007BB8E4 = {
						CreatedOnToolsVersion = 9.4.1;
					};
				};
			};
			buildConfigurationList = 22449B4E20E425AF007BB8E4 /* Build configuration list for PBXProject "Tumblr_Remake" */;
			compatibilityVersion = "Xcode 9.3";
			developmentRegion = en;
			hasScannedForEncodings = 0;
			knownRegions = (
				en,
				Base,
			);
			mainGroup = 22449B4A20E425AF007BB8E4;
			productRefGroup = 22449B5420E425AF007BB8E4 /* Products */;
			projectDirPath = "";
			projectRoot = "";
			targets = (
				22449B5220E425AF007BB8E4 /* Tumblr_Remake */,
			);
		};
/* End PBXProject section */

/* Begin PBXResourcesBuildPhase section */
		22449B5120E425AF007BB8E4 /* Resources */ = {
			isa = PBXResourcesBuildPhase;
			buildActionMask = 2147483647;
			files = (
				22449B6620E425B0007BB8E4 /* LaunchScreen.storyboard in Resources */,
				22449B6320E425B0007BB8E4 /* Assets.xcassets in Resources */,
				22449B5E20E425AF007BB8E4 /* Main.storyboard in Resources */,
			);
			runOnlyForDeploymentPostprocessing = 0;
		};
/* End PBXResourcesBuildPhase section */

/* Begin PBXSourcesBuildPhase section */
		22449B4F20E425AF007BB8E4 /* Sources */ = {
			isa = PBXSourcesBuildPhase;
			buildActionMask = 2147483647;
			files = (
				22449B6120E425AF007BB8E4 /* Tumblr_Remake.xcdatamodeld in Sources */,
				22449B5B20E425AF007BB8E4 /* ViewController.m in Sources */,
				22449B6920E425B0007BB8E4 /* main.m in Sources */,
				22449B5820E425AF007BB8E4 /* AppDelegate.m in Sources */,
			);
			runOnlyForDeploymentPostprocessing = 0;
		};
/* End PBXSourcesBuildPhase section */

/* Begin PBXVariantGroup section */
		22449B5C20E425AF007BB8E4 /* Main.storyboard */ = {
			isa = PBXVariantGroup;
			children = (
				22449B5D20E425AF007BB8E4 /* Base */,
			);
			name = Main.storyboard;
			sourceTree = "<group>";
		};
		22449B6420E425B0007BB8E4 /* LaunchScreen.storyboard */ = {
			isa = PBXVariantGroup;
			children = (
				22449B6520E425B0007BB8E4 /* Base */,
			);
			name = LaunchScreen.storyboard;
			sourceTree = "<group>";
		};
/* End PBXVariantGroup section */

/* Begin XCBuildConfiguration section */
		22449B6A20E425B0007BB8E4 /* Debug */ = {
			isa = XCBuildConfiguration;
			buildSettings = {
				ALWAYS_SEARCH_USER_PATHS = NO;
				CLANG_ANALYZER_NONNULL = YES;
				CLANG_ANALYZER_NUMBER_OBJECT_CONVERSION = YES_AGGRESSIVE;
				CLANG_CXX_LANGUAGE_STANDARD = "gnu++14";
				CLANG_CXX_LIBRARY = "libc++";
				CLANG_ENABLE_MODULES = YES;
				CLANG_ENABLE_OBJC_ARC = YES;
				CLANG_ENABLE_OBJC_WEAK = YES;
				CLANG_WARN_BLOCK_CAPTURE_AUTORELEASING = YES;
				CLANG_WARN_BOOL_CONVERSION = YES;
				CLANG_WARN_COMMA = YES;
				CLANG_WARN_CONSTANT_CONVERSION = YES;
				CLANG_WARN_DEPRECATED_OBJC_IMPLEMENTATIONS = YES;
				CLANG_WARN_DIRECT_OBJC_ISA_USAGE = YES_ERROR;
				CLANG_WARN_DOCUMENTATION_COMMENTS = YES;
				CLANG_WARN_EMPTY_BODY = YES;
				CLANG_WARN_ENUM_CONVERSION = YES;
				CLANG_WARN_INFINITE_RECURSION = YES;
				CLANG_WARN_INT_CONVERSION = YES;
				CLANG_WARN_NON_LITERAL_NULL_CONVERSION = YES;
				CLANG_WARN_OBJC_IMPLICIT_RETAIN_SELF = YES;
				CLANG_WARN_OBJC_LITERAL_CONVERSION = YES;
				CLANG_WARN_OBJC_ROOT_CLASS = YES_ERROR;
				CLANG_WARN_RANGE_LOOP_ANALYSIS = YES;
				CLANG_WARN_STRICT_PROTOTYPES = YES;
				CLANG_WARN_SUSPICIOUS_MOVE = YES;
				CLANG_WARN_UNGUARDED_AVAILABILITY = YES_AGGRESSIVE;
				CLANG_WARN_UNREACHABLE_CODE = YES;
				CLANG_WARN__DUPLICATE_METHOD_MATCH = YES;
				CODE_SIGN_IDENTITY = "iPhone Developer";
				COPY_PHASE_STRIP = NO;
				DEBUG_INFORMATION_FORMAT = dwarf;
				ENABLE_STRICT_OBJC_MSGSEND = YES;
				ENABLE_TESTABILITY = YES;
				GCC_C_LANGUAGE_STANDARD = gnu11;
				GCC_DYNAMIC_NO_PIC = NO;
				GCC_NO_COMMON_BLOCKS = YES;
				GCC_OPTIMIZATION_LEVEL = 0;
				GCC_PREPROCESSOR_DEFINITIONS = (
					"DEBUG=1",
					"$(inherited)",
				);
				GCC_WARN_64_TO_32_BIT_CONVERSION = YES;
				GCC_WARN_ABOUT_RETURN_TYPE = YES_ERROR;
				GCC_WARN_UNDECLARED_SELECTOR = YES;
				GCC_WARN_UNINITIALIZED_AUTOS = YES_AGGRESSIVE;
				GCC_WARN_UNUSED_FUNCTION = YES;
				GCC_WARN_UNUSED_VARIABLE = YES;
				IPHONEOS_DEPLOYMENT_TARGET = 11.4;
				MTL_ENABLE_DEBUG_INFO = YES;
				ONLY_ACTIVE_ARCH = YES;
				SDKROOT = iphoneos;
			};
			name = Debug;
		};
		22449B6B20E425B0007BB8E4 /* Release */ = {
			isa = XCBuildConfiguration;
			buildSettings = {
				ALWAYS_SEARCH_USER_PATHS = NO;
				CLANG_ANALYZER_NONNULL = YES;
				CLANG_ANALYZER_NUMBER_OBJECT_CONVERSION = YES_AGGRESSIVE;
				CLANG_CXX_LANGUAGE_STANDARD = "gnu++14";
				CLANG_CXX_LIBRARY = "libc++";
				CLANG_ENABLE_MODULES = YES;
				CLANG_ENABLE_OBJC_ARC = YES;
				CLANG_ENABLE_OBJC_WEAK = YES;
				CLANG_WARN_BLOCK_CAPTURE_AUTORELEASING = YES;
				CLANG_WARN_BOOL_CONVERSION = YES;
				CLANG_WARN_COMMA = YES;
				CLANG_WARN_CONSTANT_CONVERSION = YES;
				CLANG_WARN_DEPRECATED_OBJC_IMPLEMENTATIONS = YES;
				CLANG_WARN_DIRECT_OBJC_ISA_USAGE = YES_ERROR;
				CLANG_WARN_DOCUMENTATION_COMMENTS = YES;
				CLANG_WARN_EMPTY_BODY = YES;
				CLANG_WARN_ENUM_CONVERSION = YES;
				CLANG_WARN_INFINITE_RECURSION = YES;
				CLANG_WARN_INT_CONVERSION = YES;
				CLANG_WARN_NON_LITERAL_NULL_CONVERSION = YES;
				CLANG_WARN_OBJC_IMPLICIT_RETAIN_SELF = YES;
				CLANG_WARN_OBJC_LITERAL_CONVERSION = YES;
				CLANG_WARN_OBJC_ROOT_CLASS = YES_ERROR;
				CLANG_WARN_RANGE_LOOP_ANALYSIS = YES;
				CLANG_WARN_STRICT_PROTOTYPES = YES;
				CLANG_WARN_SUSPICIOUS_MOVE = YES;
				CLANG_WARN_UNGUARDED_AVAILABILITY = YES_AGGRESSIVE;
				CLANG_WARN_UNREACHABLE_CODE = YES;
				CLANG_WARN__DUPLICATE_METHOD_MATCH = YES;
				CODE_SIGN_IDENTITY = "iPhone Developer";
				COPY_PHASE_STRIP = NO;
				DEBUG_INFORMATION_FORMAT = "dwarf-with-dsym";
				ENABLE_NS_ASSERTIONS = NO;
				ENABLE_STRICT_OBJC_MSGSEND = YES;
				GCC_C_LANGUAGE_STANDARD = gnu11;
				GCC_NO_COMMON_BLOCKS = YES;
				GCC_WARN_64_TO_32_BIT_CONVERSION = YES;
				GCC_WARN_ABOUT_RETURN_TYPE = YES_ERROR;
				GCC_WARN_UNDECLARED_SELECTOR = YES;
				GCC_WARN_UNINITIALIZED_AUTOS = YES_AGGRESSIVE;
				GCC_WARN_UNUSED_FUNCTION = YES;
				GCC_WARN_UNUSED_VARIABLE = YES;
				IPHONEOS_DEPLOYMENT_TARGET = 11.4;
				MTL_ENABLE_DEBUG_INFO = NO;
				SDKROOT = iphoneos;
				VALIDATE_PRODUCT = YES;
			};
			name = Release;
		};
		22449B6D20E425B0007BB8E4 /* Debug */ = {
			isa = XCBuildConfiguration;
			buildSettings = {
				ASSETCATALOG_COMPILER_APPICON_NAME = AppIcon;
				CODE_SIGN_STYLE = Automatic;
				DEVELOPMENT_TEAM = 524YAK9BG3;
				INFOPLIST_FILE = Tumblr_Remake/Info.plist;
				LD_RUNPATH_SEARCH_PATHS = (
					"$(inherited)",
					"@executable_path/Frameworks",
				);
				PRODUCT_BUNDLE_IDENTIFIER = "CodePath.Tumblr-Remake";
				PRODUCT_NAME = "$(TARGET_NAME)";
				TARGETED_DEVICE_FAMILY = "1,2";
			};
			name = Debug;
		};
		22449B6E20E425B0007BB8E4 /* Release */ = {
			isa = XCBuildConfiguration;
			buildSettings = {
				ASSETCATALOG_COMPILER_APPICON_NAME = AppIcon;
				CODE_SIGN_STYLE = Automatic;
				DEVELOPMENT_TEAM = 524YAK9BG3;
				INFOPLIST_FILE = Tumblr_Remake/Info.plist;
				LD_RUNPATH_SEARCH_PATHS = (
					"$(inherited)",
					"@executable_path/Frameworks",
				);
				PRODUCT_BUNDLE_IDENTIFIER = "CodePath.Tumblr-Remake";
				PRODUCT_NAME = "$(TARGET_NAME)";
				TARGETED_DEVICE_FAMILY = "1,2";
			};
			name = Release;
		};
/* End XCBuildConfiguration section */

/* Begin XCConfigurationList section */
		22449B4E20E425AF007BB8E4 /* Build configuration list for PBXProject "Tumblr_Remake" */ = {
			isa = XCConfigurationList;
			buildConfigurations = (
				22449B6A20E425B0007BB8E4 /* Debug */,
				22449B6B20E425B0007BB8E4 /* Release */,
			);
			defaultConfigurationIsVisible = 0;
			defaultConfigurationName = Release;
		};
		22449B6C20E425B0007BB8E4 /* Build configuration list for PBXNativeTarget "Tumblr_Remake" */ = {
			isa = XCConfigurationList;
			buildConfigurations = (
				22449B6D20E425B0007BB8E4 /* Debug */,
				22449B6E20E425B0007BB8E4 /* Release */,
			);
			defaultConfigurationIsVisible = 0;
			defaultConfigurationName = Release;
		};
/* End XCConfigurationList section */

/* Begin XCVersionGroup section */
		22449B5F20E425AF007BB8E4 /* Tumblr_Remake.xcdatamodeld */ = {
			isa = XCVersionGroup;
			children = (
				22449B6020E425AF007BB8E4 /* Tumblr_Remake.xcdatamodel */,
			);
			currentVersion = 22449B6020E425AF007BB8E4 /* Tumblr_Remake.xcdatamodel */;
			path = Tumblr_Remake.xcdatamodeld;
			sourceTree = "<group>";
			versionGroupType = wrapper.xcdatamodel;
		};
/* End XCVersionGroup section */
	};
	rootObject = 22449B4B20E425AF007BB8E4 /* Project object */;
}
